{
  "name": "ng-input-highlighter",
  "version": "0.0.9",
  "lockfileVersion": 1,
  "requires": true,
  "dependencies": {
    "@angular/animations": {
      "version": "7.2.9",
      "resolved": "https://registry.npmjs.org/@angular/animations/-/animations-7.2.9.tgz",
      "integrity": "sha512-cdIf/UWwhNlw6Ep3pRxRk12F8q/GyTbcHDF4qbgg7lZEDPYS32KS1lpHY1pgSuSOIPZUT+iLPOxAZ6cu7Am1vA==",
      "requires": {
        "tslib": "1.9.3"
      }
    },
    "@angular/cdk": {
      "version": "7.3.4",
      "resolved": "https://registry.npmjs.org/@angular/cdk/-/cdk-7.3.4.tgz",
      "integrity": "sha512-cHl1o7obogCO3Nxf9n8MrXpfHa7AH1QNX2BY+bftYBTHW++YJe+qAwkwWLVqnJD9TQE2OpiR058zoJU20khM/g==",
      "requires": {
        "parse5": "5.1.0",
        "tslib": "1.9.3"
      }
    },
    "@angular/material": {
      "version": "7.3.4",
      "resolved": "https://registry.npmjs.org/@angular/material/-/material-7.3.4.tgz",
      "integrity": "sha512-UWS4Kd3AqJBtAJRds4hhPNez9k1rkWhd6/E17pfcH6KWxP3Pi7tcubaSqoDRGHVbr/QegDn1SOoRokJxLYDn2g==",
      "requires": {
        "tslib": "1.9.3"
      }
    },
    "parse5": {
      "version": "5.1.0",
      "resolved": "https://registry.npmjs.org/parse5/-/parse5-5.1.0.tgz",
      "integrity": "sha512-fxNG2sQjHvlVAYmzBZS9YlDp6PTSSDwa98vkD4QgVDDCAo84z5X1t5XyJQ62ImdLXx5NdIIfihey6xpum9/gRQ==",
      "optional": true
    },
    "tslib": {
      "version": "1.9.3",
      "resolved": "https://registry.npmjs.org/tslib/-/tslib-1.9.3.tgz",
      "integrity": "sha512-4krF8scpejhaOgqzBEcGM7yDIEfi0/8+8zDRZhNZZ2kjmHJ4hv3zCbQWxoJGz1iw5U0Jl0nma13xzHXcncMavQ=="
    }
  }
}
